// !$*UTF8*$!
{
	archiveVersion = 1;
	classes = {
	};
	objectVersion = 55;
	objects = {

/* Begin PBXBuildFile section */
		D92234B627E25DC6002D1881 /* CourseDetailsScreen.swift in Sources */ = {isa = PBXBuildFile; fileRef = D92234B527E25DC6002D1881 /* CourseDetailsScreen.swift */; };
		D92234B827E2603A002D1881 /* CourseItemView.swift in Sources */ = {isa = PBXBuildFile; fileRef = D92234B727E2603A002D1881 /* CourseItemView.swift */; };
		D92234C027F36379002D1881 /* Color.swift in Sources */ = {isa = PBXBuildFile; fileRef = D92234BF27F36379002D1881 /* Color.swift */; };
		D92234C427F4E41E002D1881 /* CourseHeaderView.swift in Sources */ = {isa = PBXBuildFile; fileRef = D92234C327F4E41E002D1881 /* CourseHeaderView.swift */; };
		D92234C627F4ED7F002D1881 /* CourseDetailsHeaderView.swift in Sources */ = {isa = PBXBuildFile; fileRef = D92234C527F4ED7F002D1881 /* CourseDetailsHeaderView.swift */; };
		D9CDDC6627DFB58A00F34F33 /* EducationApp.swift in Sources */ = {isa = PBXBuildFile; fileRef = D9CDDC6527DFB58A00F34F33 /* EducationApp.swift */; };
		D9CDDC6827DFB58A00F34F33 /* ContentView.swift in Sources */ = {isa = PBXBuildFile; fileRef = D9CDDC6727DFB58A00F34F33 /* ContentView.swift */; };
		D9CDDC6A27DFB59100F34F33 /* Assets.xcassets in Resources */ = {isa = PBXBuildFile; fileRef = D9CDDC6927DFB59100F34F33 /* Assets.xcassets */; };
		D9CDDC6D27DFB59100F34F33 /* Preview Assets.xcassets in Resources */ = {isa = PBXBuildFile; fileRef = D9CDDC6C27DFB59100F34F33 /* Preview Assets.xcassets */; };
		D9CDDC7B27DFB6C700F34F33 /* CoursesScreen.swift in Sources */ = {isa = PBXBuildFile; fileRef = D9CDDC7A27DFB6C700F34F33 /* CoursesScreen.swift */; };
		D9CDDC7D27DFB6EC00F34F33 /* StartScreen.swift in Sources */ = {isa = PBXBuildFile; fileRef = D9CDDC7C27DFB6EC00F34F33 /* StartScreen.swift */; };
		D9CDDC7F27DFB70E00F34F33 /* HomeScreen.swift in Sources */ = {isa = PBXBuildFile; fileRef = D9CDDC7E27DFB70E00F34F33 /* HomeScreen.swift */; };
		D9CDDC8127DFB73C00F34F33 /* CategoryScreen.swift in Sources */ = {isa = PBXBuildFile; fileRef = D9CDDC8027DFB73C00F34F33 /* CategoryScreen.swift */; };
		D9CDDC8327DFB76000F34F33 /* Category.swift in Sources */ = {isa = PBXBuildFile; fileRef = D9CDDC8227DFB76000F34F33 /* Category.swift */; };
		D9CDDC8527DFB78400F34F33 /* CategoryListView.swift in Sources */ = {isa = PBXBuildFile; fileRef = D9CDDC8427DFB78400F34F33 /* CategoryListView.swift */; };
		D9CDDC8727DFB7B800F34F33 /* CategoryItemView.swift in Sources */ = {isa = PBXBuildFile; fileRef = D9CDDC8627DFB7B800F34F33 /* CategoryItemView.swift */; };
		D9CDDC8B27DFB80600F34F33 /* CategoryListViewModel.swift in Sources */ = {isa = PBXBuildFile; fileRef = D9CDDC8A27DFB80600F34F33 /* CategoryListViewModel.swift */; };
		D9CDDC8D27DFB82D00F34F33 /* CategoryService.swift in Sources */ = {isa = PBXBuildFile; fileRef = D9CDDC8C27DFB82D00F34F33 /* CategoryService.swift */; };
		D9CDDC9227DFCA9F00F34F33 /* Course.swift in Sources */ = {isa = PBXBuildFile; fileRef = D9CDDC9127DFCA9F00F34F33 /* Course.swift */; };
/* End PBXBuildFile section */

/* Begin PBXFileReference section */
		D92234B527E25DC6002D1881 /* CourseDetailsScreen.swift */ = {isa = PBXFileReference; lastKnownFileType = sourcecode.swift; path = CourseDetailsScreen.swift; sourceTree = "<group>"; };
		D92234B727E2603A002D1881 /* CourseItemView.swift */ = {isa = PBXFileReference; lastKnownFileType = sourcecode.swift; path = CourseItemView.swift; sourceTree = "<group>"; };
		D92234BF27F36379002D1881 /* Color.swift */ = {isa = PBXFileReference; lastKnownFileType = sourcecode.swift; path = Color.swift; sourceTree = "<group>"; };
		D92234C327F4E41E002D1881 /* CourseHeaderView.swift */ = {isa = PBXFileReference; lastKnownFileType = sourcecode.swift; path = CourseHeaderView.swift; sourceTree = "<group>"; };
		D92234C527F4ED7F002D1881 /* CourseDetailsHeaderView.swift */ = {isa = PBXFileReference; lastKnownFileType = sourcecode.swift; path = CourseDetailsHeaderView.swift; sourceTree = "<group>"; };
		D9CDDC6227DFB58A00F34F33 /* Education.app */ = {isa = PBXFileReference; explicitFileType = wrapper.application; includeInIndex = 0; path = Education.app; sourceTree = BUILT_PRODUCTS_DIR; };
		D9CDDC6527DFB58A00F34F33 /* EducationApp.swift */ = {isa = PBXFileReference; lastKnownFileType = sourcecode.swift; path = EducationApp.swift; sourceTree = "<group>"; };
		D9CDDC6727DFB58A00F34F33 /* ContentView.swift */ = {isa = PBXFileReference; lastKnownFileType = sourcecode.swift; path = ContentView.swift; sourceTree = "<group>"; };
		D9CDDC6927DFB59100F34F33 /* Assets.xcassets */ = {isa = PBXFileReference; lastKnownFileType = folder.assetcatalog; path = Assets.xcassets; sourceTree = "<group>"; };
		D9CDDC6C27DFB59100F34F33 /* Preview Assets.xcassets */ = {isa = PBXFileReference; lastKnownFileType = folder.assetcatalog; path = "Preview Assets.xcassets"; sourceTree = "<group>"; };
		D9CDDC7A27DFB6C700F34F33 /* CoursesScreen.swift */ = {isa = PBXFileReference; lastKnownFileType = sourcecode.swift; path = CoursesScreen.swift; sourceTree = "<group>"; };
		D9CDDC7C27DFB6EC00F34F33 /* StartScreen.swift */ = {isa = PBXFileReference; lastKnownFileType = sourcecode.swift; path = StartScreen.swift; sourceTree = "<group>"; };
		D9CDDC7E27DFB70E00F34F33 /* HomeScreen.swift */ = {isa = PBXFileReference; lastKnownFileType = sourcecode.swift; path = HomeScreen.swift; sourceTree = "<group>"; };
		D9CDDC8027DFB73C00F34F33 /* CategoryScreen.swift */ = {isa = PBXFileReference; lastKnownFileType = sourcecode.swift; path = CategoryScreen.swift; sourceTree = "<group>"; };
		D9CDDC8227DFB76000F34F33 /* Category.swift */ = {isa = PBXFileReference; lastKnownFileType = sourcecode.swift; path = Category.swift; sourceTree = "<group>"; };
		D9CDDC8427DFB78400F34F33 /* CategoryListView.swift */ = {isa = PBXFileReference; lastKnownFileType = sourcecode.swift; path = CategoryListView.swift; sourceTree = "<group>"; };
		D9CDDC8627DFB7B800F34F33 /* CategoryItemView.swift */ = {isa = PBXFileReference; lastKnownFileType = sourcecode.swift; path = CategoryItemView.swift; sourceTree = "<group>"; };
		D9CDDC8A27DFB80600F34F33 /* CategoryListViewModel.swift */ = {isa = PBXFileReference; lastKnownFileType = sourcecode.swift; path = CategoryListViewModel.swift; sourceTree = "<group>"; };
		D9CDDC8C27DFB82D00F34F33 /* CategoryService.swift */ = {isa = PBXFileReference; lastKnownFileType = sourcecode.swift; path = CategoryService.swift; sourceTree = "<group>"; };
		D9CDDC9127DFCA9F00F34F33 /* Course.swift */ = {isa = PBXFileReference; lastKnownFileType = sourcecode.swift; path = Course.swift; sourceTree = "<group>"; };
/* End PBXFileReference section */

/* Begin PBXFrameworksBuildPhase section */
		D9CDDC5F27DFB58A00F34F33 /* Frameworks */ = {
			isa = PBXFrameworksBuildPhase;
			buildActionMask = 2147483647;
			files = (
			);
			runOnlyForDeploymentPostprocessing = 0;
		};
/* End PBXFrameworksBuildPhase section */

/* Begin PBXGroup section */
		D92234B327E246DD002D1881 /* Category */ = {
			isa = PBXGroup;
			children = (
				D9CDDC8427DFB78400F34F33 /* CategoryListView.swift */,
				D9CDDC8627DFB7B800F34F33 /* CategoryItemView.swift */,
			);
			path = Category;
			sourceTree = "<group>";
		};
		D92234B427E246FC002D1881 /* Course */ = {
			isa = PBXGroup;
			children = (
				D92234B727E2603A002D1881 /* CourseItemView.swift */,
				D92234C327F4E41E002D1881 /* CourseHeaderView.swift */,
			);
			path = Course;
			sourceTree = "<group>";
		};
		D92234BA27E261CB002D1881 /* CourseDetails */ = {
			isa = PBXGroup;
			children = (
				D92234C527F4ED7F002D1881 /* CourseDetailsHeaderView.swift */,
			);
			path = CourseDetails;
			sourceTree = "<group>";
		};
		D92234BC27F36082002D1881 /* Extensions */ = {
			isa = PBXGroup;
			children = (
				D92234BF27F36379002D1881 /* Color.swift */,
			);
			path = Extensions;
			sourceTree = "<group>";
		};
		D9CDDC5927DFB58A00F34F33 = {
			isa = PBXGroup;
			children = (
				D9CDDC6427DFB58A00F34F33 /* Education */,
				D9CDDC6327DFB58A00F34F33 /* Products */,
			);
			sourceTree = "<group>";
		};
		D9CDDC6327DFB58A00F34F33 /* Products */ = {
			isa = PBXGroup;
			children = (
				D9CDDC6227DFB58A00F34F33 /* Education.app */,
			);
			name = Products;
			sourceTree = "<group>";
		};
		D9CDDC6427DFB58A00F34F33 /* Education */ = {
			isa = PBXGroup;
			children = (
				D92234BC27F36082002D1881 /* Extensions */,
				D9CDDC7927DFB69F00F34F33 /* Screens */,
				D9CDDC7827DFB69500F34F33 /* Models */,
				D9CDDC7727DFB68C00F34F33 /* Views */,
				D9CDDC7627DFB67A00F34F33 /* ViewModels */,
				D9CDDC7527DFB66D00F34F33 /* Services */,
				D9CDDC6527DFB58A00F34F33 /* EducationApp.swift */,
				D9CDDC6727DFB58A00F34F33 /* ContentView.swift */,
				D9CDDC6927DFB59100F34F33 /* Assets.xcassets */,
				D9CDDC6B27DFB59100F34F33 /* Preview Content */,
			);
			path = Education;
			sourceTree = "<group>";
		};
		D9CDDC6B27DFB59100F34F33 /* Preview Content */ = {
			isa = PBXGroup;
			children = (
				D9CDDC6C27DFB59100F34F33 /* Preview Assets.xcassets */,
			);
			path = "Preview Content";
			sourceTree = "<group>";
		};
		D9CDDC7527DFB66D00F34F33 /* Services */ = {
			isa = PBXGroup;
			children = (
				D9CDDC8C27DFB82D00F34F33 /* CategoryService.swift */,
			);
			path = Services;
			sourceTree = "<group>";
		};
		D9CDDC7627DFB67A00F34F33 /* ViewModels */ = {
			isa = PBXGroup;
			children = (
				D9CDDC8A27DFB80600F34F33 /* CategoryListViewModel.swift */,
			);
			path = ViewModels;
			sourceTree = "<group>";
		};
		D9CDDC7727DFB68C00F34F33 /* Views */ = {
			isa = PBXGroup;
			children = (
				D92234B327E246DD002D1881 /* Category */,
				D92234B427E246FC002D1881 /* Course */,
				D92234BA27E261CB002D1881 /* CourseDetails */,
			);
			path = Views;
			sourceTree = "<group>";
		};
		D9CDDC7827DFB69500F34F33 /* Models */ = {
			isa = PBXGroup;
			children = (
				D9CDDC8227DFB76000F34F33 /* Category.swift */,
				D9CDDC9127DFCA9F00F34F33 /* Course.swift */,
			);
			path = Models;
			sourceTree = "<group>";
		};
		D9CDDC7927DFB69F00F34F33 /* Screens */ = {
			isa = PBXGroup;
			children = (
				D9CDDC7E27DFB70E00F34F33 /* HomeScreen.swift */,
				D9CDDC7C27DFB6EC00F34F33 /* StartScreen.swift */,
				D9CDDC8027DFB73C00F34F33 /* CategoryScreen.swift */,
				D9CDDC7A27DFB6C700F34F33 /* CoursesScreen.swift */,
				D92234B527E25DC6002D1881 /* CourseDetailsScreen.swift */,
			);
			path = Screens;
			sourceTree = "<group>";
		};
/* End PBXGroup section */

/* Begin PBXNativeTarget section */
		D9CDDC6127DFB58A00F34F33 /* Education */ = {
			isa = PBXNativeTarget;
			buildConfigurationList = D9CDDC7027DFB59100F34F33 /* Build configuration list for PBXNativeTarget "Education" */;
			buildPhases = (
				D9CDDC5E27DFB58A00F34F33 /* Sources */,
				D9CDDC5F27DFB58A00F34F33 /* Frameworks */,
				D9CDDC6027DFB58A00F34F33 /* Resources */,
			);
			buildRules = (
			);
			dependencies = (
			);
			name = Education;
			productName = Education;
			productReference = D9CDDC6227DFB58A00F34F33 /* Education.app */;
			productType = "com.apple.product-type.application";
		};
/* End PBXNativeTarget section */

/* Begin PBXProject section */
		D9CDDC5A27DFB58A00F34F33 /* Project object */ = {
			isa = PBXProject;
			attributes = {
				BuildIndependentTargetsInParallel = 1;
				LastSwiftUpdateCheck = 1310;
				LastUpgradeCheck = 1310;
				TargetAttributes = {
					D9CDDC6127DFB58A00F34F33 = {
						CreatedOnToolsVersion = 13.1;
					};
				};
			};
			buildConfigurationList = D9CDDC5D27DFB58A00F34F33 /* Build configuration list for PBXProject "Education" */;
			compatibilityVersion = "Xcode 13.0";
			developmentRegion = en;
			hasScannedForEncodings = 0;
			knownRegions = (
				en,
				Base,
			);
			mainGroup = D9CDDC5927DFB58A00F34F33;
			productRefGroup = D9CDDC6327DFB58A00F34F33 /* Products */;
			projectDirPath = "";
			projectRoot = "";
			targets = (
				D9CDDC6127DFB58A00F34F33 /* Education */,
			);
		};
/* End PBXProject section */

/* Begin PBXResourcesBuildPhase section */
		D9CDDC6027DFB58A00F34F33 /* Resources */ = {
			isa = PBXResourcesBuildPhase;
			buildActionMask = 2147483647;
			files = (
				D9CDDC6D27DFB59100F34F33 /* Preview Assets.xcassets in Resources */,
				D9CDDC6A27DFB59100F34F33 /* Assets.xcassets in Resources */,
			);
			runOnlyForDeploymentPostprocessing = 0;
		};
/* End PBXResourcesBuildPhase section */

/* Begin PBXSourcesBuildPhase section */
		D9CDDC5E27DFB58A00F34F33 /* Sources */ = {
			isa = PBXSourcesBuildPhase;
			buildActionMask = 2147483647;
			files = (
				D9CDDC9227DFCA9F00F34F33 /* Course.swift in Sources */,
				D9CDDC8527DFB78400F34F33 /* CategoryListView.swift in Sources */,
				D9CDDC7B27DFB6C700F34F33 /* CoursesScreen.swift in Sources */,
				D9CDDC8327DFB76000F34F33 /* Category.swift in Sources */,
				D9CDDC7F27DFB70E00F34F33 /* HomeScreen.swift in Sources */,
				D92234C027F36379002D1881 /* Color.swift in Sources */,
				D92234C627F4ED7F002D1881 /* CourseDetailsHeaderView.swift in Sources */,
				D9CDDC6827DFB58A00F34F33 /* ContentView.swift in Sources */,
				D92234C427F4E41E002D1881 /* CourseHeaderView.swift in Sources */,
				D9CDDC7D27DFB6EC00F34F33 /* StartScreen.swift in Sources */,
				D9CDDC8B27DFB80600F34F33 /* CategoryListViewModel.swift in Sources */,
				D9CDDC8D27DFB82D00F34F33 /* CategoryService.swift in Sources */,
				D9CDDC8127DFB73C00F34F33 /* CategoryScreen.swift in Sources */,
				D92234B827E2603A002D1881 /* CourseItemView.swift in Sources */,
				D92234B627E25DC6002D1881 /* CourseDetailsScreen.swift in Sources */,
				D9CDDC6627DFB58A00F34F33 /* EducationApp.swift in Sources */,
				D9CDDC8727DFB7B800F34F33 /* CategoryItemView.swift in Sources */,
			);
			runOnlyForDeploymentPostprocessing = 0;
		};
/* End PBXSourcesBuildPhase section */

/* Begin XCBuildConfiguration section */
		D9CDDC6E27DFB59100F34F33 /* Debug */ = {
			isa = XCBuildConfiguration;
			buildSettings = {
				ALWAYS_SEARCH_USER_PATHS = NO;
				CLANG_ANALYZER_NONNULL = YES;
				CLANG_ANALYZER_NUMBER_OBJECT_CONVERSION = YES_AGGRESSIVE;
				CLANG_CXX_LANGUAGE_STANDARD = "gnu++17";
				CLANG_CXX_LIBRARY = "libc++";
				CLANG_ENABLE_MODULES = YES;
				CLANG_ENABLE_OBJC_ARC = YES;
				CLANG_ENABLE_OBJC_WEAK = YES;
				CLANG_WARN_BLOCK_CAPTURE_AUTORELEASING = YES;
				CLANG_WARN_BOOL_CONVERSION = YES;
				CLANG_WARN_COMMA = YES;
				CLANG_WARN_CONSTANT_CONVERSION = YES;
				CLANG_WARN_DEPRECATED_OBJC_IMPLEMENTATIONS = YES;
				CLANG_WARN_DIRECT_OBJC_ISA_USAGE = YES_ERROR;
				CLANG_WARN_DOCUMENTATION_COMMENTS = YES;
				CLANG_WARN_EMPTY_BODY = YES;
				CLANG_WARN_ENUM_CONVERSION = YES;
				CLANG_WARN_INFINITE_RECURSION = YES;
				CLANG_WARN_INT_CONVERSION = YES;
				CLANG_WARN_NON_LITERAL_NULL_CONVERSION = YES;
				CLANG_WARN_OBJC_IMPLICIT_RETAIN_SELF = YES;
				CLANG_WARN_OBJC_LITERAL_CONVERSION = YES;
				CLANG_WARN_OBJC_ROOT_CLASS = YES_ERROR;
				CLANG_WARN_QUOTED_INCLUDE_IN_FRAMEWORK_HEADER = YES;
				CLANG_WARN_RANGE_LOOP_ANALYSIS = YES;
				CLANG_WARN_STRICT_PROTOTYPES = YES;
				CLANG_WARN_SUSPICIOUS_MOVE = YES;
				CLANG_WARN_UNGUARDED_AVAILABILITY = YES_AGGRESSIVE;
				CLANG_WARN_UNREACHABLE_CODE = YES;
				CLANG_WARN__DUPLICATE_METHOD_MATCH = YES;
				COPY_PHASE_STRIP = NO;
				DEBUG_INFORMATION_FORMAT = dwarf;
				ENABLE_STRICT_OBJC_MSGSEND = YES;
				ENABLE_TESTABILITY = YES;
				GCC_C_LANGUAGE_STANDARD = gnu11;
				GCC_DYNAMIC_NO_PIC = NO;
				GCC_NO_COMMON_BLOCKS = YES;
				GCC_OPTIMIZATION_LEVEL = 0;
				GCC_PREPROCESSOR_DEFINITIONS = (
					"DEBUG=1",
					"$(inherited)",
				);
				GCC_WARN_64_TO_32_BIT_CONVERSION = YES;
				GCC_WARN_ABOUT_RETURN_TYPE = YES_ERROR;
				GCC_WARN_UNDECLARED_SELECTOR = YES;
				GCC_WARN_UNINITIALIZED_AUTOS = YES_AGGRESSIVE;
				GCC_WARN_UNUSED_FUNCTION = YES;
				GCC_WARN_UNUSED_VARIABLE = YES;
				IPHONEOS_DEPLOYMENT_TARGET = 15.0;
				MTL_ENABLE_DEBUG_INFO = INCLUDE_SOURCE;
				MTL_FAST_MATH = YES;
				ONLY_ACTIVE_ARCH = YES;
				SDKROOT = iphoneos;
				SWIFT_ACTIVE_COMPILATION_CONDITIONS = DEBUG;
				SWIFT_OPTIMIZATION_LEVEL = "-Onone";
			};
			name = Debug;
		};
		D9CDDC6F27DFB59100F34F33 /* Release */ = {
			isa = XCBuildConfiguration;
			buildSettings = {
				ALWAYS_SEARCH_USER_PATHS = NO;
				CLANG_ANALYZER_NONNULL = YES;
				CLANG_ANALYZER_NUMBER_OBJECT_CONVERSION = YES_AGGRESSIVE;
				CLANG_CXX_LANGUAGE_STANDARD = "gnu++17";
				CLANG_CXX_LIBRARY = "libc++";
				CLANG_ENABLE_MODULES = YES;
				CLANG_ENABLE_OBJC_ARC = YES;
				CLANG_ENABLE_OBJC_WEAK = YES;
				CLANG_WARN_BLOCK_CAPTURE_AUTORELEASING = YES;
				CLANG_WARN_BOOL_CONVERSION = YES;
				CLANG_WARN_COMMA = YES;
				CLANG_WARN_CONSTANT_CONVERSION = YES;
				CLANG_WARN_DEPRECATED_OBJC_IMPLEMENTATIONS = YES;
				CLANG_WARN_DIRECT_OBJC_ISA_USAGE = YES_ERROR;
				CLANG_WARN_DOCUMENTATION_COMMENTS = YES;
				CLANG_WARN_EMPTY_BODY = YES;
				CLANG_WARN_ENUM_CONVERSION = YES;
				CLANG_WARN_INFINITE_RECURSION = YES;
				CLANG_WARN_INT_CONVERSION = YES;
				CLANG_WARN_NON_LITERAL_NULL_CONVERSION = YES;
				CLANG_WARN_OBJC_IMPLICIT_RETAIN_SELF = YES;
				CLANG_WARN_OBJC_LITERAL_CONVERSION = YES;
				CLANG_WARN_OBJC_ROOT_CLASS = YES_ERROR;
				CLANG_WARN_QUOTED_INCLUDE_IN_FRAMEWORK_HEADER = YES;
				CLANG_WARN_RANGE_LOOP_ANALYSIS = YES;
				CLANG_WARN_STRICT_PROTOTYPES = YES;
				CLANG_WARN_SUSPICIOUS_MOVE = YES;
				CLANG_WARN_UNGUARDED_AVAILABILITY = YES_AGGRESSIVE;
				CLANG_WARN_UNREACHABLE_CODE = YES;
				CLANG_WARN__DUPLICATE_METHOD_MATCH = YES;
				COPY_PHASE_STRIP = NO;
				DEBUG_INFORMATION_FORMAT = "dwarf-with-dsym";
				ENABLE_NS_ASSERTIONS = NO;
				ENABLE_STRICT_OBJC_MSGSEND = YES;
				GCC_C_LANGUAGE_STANDARD = gnu11;
				GCC_NO_COMMON_BLOCKS = YES;
				GCC_WARN_64_TO_32_BIT_CONVERSION = YES;
				GCC_WARN_ABOUT_RETURN_TYPE = YES_ERROR;
				GCC_WARN_UNDECLARED_SELECTOR = YES;
				GCC_WARN_UNINITIALIZED_AUTOS = YES_AGGRESSIVE;
				GCC_WARN_UNUSED_FUNCTION = YES;
				GCC_WARN_UNUSED_VARIABLE = YES;
				IPHONEOS_DEPLOYMENT_TARGET = 15.0;
				MTL_ENABLE_DEBUG_INFO = NO;
				MTL_FAST_MATH = YES;
				SDKROOT = iphoneos;
				SWIFT_COMPILATION_MODE = wholemodule;
				SWIFT_OPTIMIZATION_LEVEL = "-O";
				VALIDATE_PRODUCT = YES;
			};
			name = Release;
		};
		D9CDDC7127DFB59100F34F33 /* Debug */ = {
			isa = XCBuildConfiguration;
			buildSettings = {
				ASSETCATALOG_COMPILER_APPICON_NAME = AppIcon;
				ASSETCATALOG_COMPILER_GLOBAL_ACCENT_COLOR_NAME = AccentColor;
				CODE_SIGN_STYLE = Automatic;
				CURRENT_PROJECT_VERSION = 1;
				DEVELOPMENT_ASSET_PATHS = "\"Education/Preview Content\"";
				DEVELOPMENT_TEAM = MT4BJVMV26;
				ENABLE_PREVIEWS = YES;
				GENERATE_INFOPLIST_FILE = YES;
				INFOPLIST_KEY_UIApplicationSceneManifest_Generation = YES;
				INFOPLIST_KEY_UIApplicationSupportsIndirectInputEvents = YES;
				INFOPLIST_KEY_UILaunchScreen_Generation = YES;
				INFOPLIST_KEY_UISupportedInterfaceOrientations_iPad = "UIInterfaceOrientationPortrait UIInterfaceOrientationPortraitUpsideDown UIInterfaceOrientationLandscapeLeft UIInterfaceOrientationLandscapeRight";
				INFOPLIST_KEY_UISupportedInterfaceOrientations_iPhone = "UIInterfaceOrientationPortrait UIInterfaceOrientationLandscapeLeft UIInterfaceOrientationLandscapeRight";
				LD_RUNPATH_SEARCH_PATHS = (
					"$(inherited)",
					"@executable_path/Frameworks",
				);
				MARKETING_VERSION = 1.0;
				PRODUCT_BUNDLE_IDENTIFIER = "se.demo-dev.Education";
				PRODUCT_NAME = "$(TARGET_NAME)";
				SWIFT_EMIT_LOC_STRINGS = YES;
				SWIFT_VERSION = 5.0;
				TARGETED_DEVICE_FAMILY = "1,2";
			};
			name = Debug;
		};
		D9CDDC7227DFB59100F34F33 /* Release */ = {
			isa = XCBuildConfiguration;
			buildSettings = {
				ASSETCATALOG_COMPILER_APPICON_NAME = AppIcon;
				ASSETCATALOG_COMPILER_GLOBAL_ACCENT_COLOR_NAME = AccentColor;
				CODE_SIGN_STYLE = Automatic;
				CURRENT_PROJECT_VERSION = 1;
				DEVELOPMENT_ASSET_PATHS = "\"Education/Preview Content\"";
				DEVELOPMENT_TEAM = MT4BJVMV26;
				ENABLE_PREVIEWS = YES;
				GENERATE_INFOPLIST_FILE = YES;
				INFOPLIST_KEY_UIApplicationSceneManifest_Generation = YES;
				INFOPLIST_KEY_UIApplicationSupportsIndirectInputEvents = YES;
				INFOPLIST_KEY_UILaunchScreen_Generation = YES;
				INFOPLIST_KEY_UISupportedInterfaceOrientations_iPad = "UIInterfaceOrientationPortrait UIInterfaceOrientationPortraitUpsideDown UIInterfaceOrientationLandscapeLeft UIInterfaceOrientationLandscapeRight";
				INFOPLIST_KEY_UISupportedInterfaceOrientations_iPhone = "UIInterfaceOrientationPortrait UIInterfaceOrientationLandscapeLeft UIInterfaceOrientationLandscapeRight";
				LD_RUNPATH_SEARCH_PATHS = (
					"$(inherited)",
					"@executable_path/Frameworks",
				);
				MARKETING_VERSION = 1.0;
				PRODUCT_BUNDLE_IDENTIFIER = "se.demo-dev.Education";
				PRODUCT_NAME = "$(TARGET_NAME)";
				SWIFT_EMIT_LOC_STRINGS = YES;
				SWIFT_VERSION = 5.0;
				TARGETED_DEVICE_FAMILY = "1,2";
			};
			name = Release;
		};
/* End XCBuildConfiguration section */

/* Begin XCConfigurationList section */
		D9CDDC5D27DFB58A00F34F33 /* Build configuration list for PBXProject "Education" */ = {
			isa = XCConfigurationList;
			buildConfigurations = (
				D9CDDC6E27DFB59100F34F33 /* Debug */,
				D9CDDC6F27DFB59100F34F33 /* Release */,
			);
			defaultConfigurationIsVisible = 0;
			defaultConfigurationName = Release;
		};
		D9CDDC7027DFB59100F34F33 /* Build configuration list for PBXNativeTarget "Education" */ = {
			isa = XCConfigurationList;
			buildConfigurations = (
				D9CDDC7127DFB59100F34F33 /* Debug */,
				D9CDDC7227DFB59100F34F33 /* Release */,
			);
			defaultConfigurationIsVisible = 0;
			defaultConfigurationName = Release;
		};
/* End XCConfigurationList section */
	};
	rootObject = D9CDDC5A27DFB58A00F34F33 /* Project object */;
}
